
Microsoft Visual Studio Solution File, Format Version 12.00
# Visual Studio Version 16
VisualStudioVersion = 16.0.30503.244
MinimumVisualStudioVersion = 10.0.40219.1
Project("{9A19103F-16F7-4668-BE54-9A1E7A4F7556}") = "Figure", "Figure.csproj", "{211F47EB-79FE-46CC-ABCB-8763F8BA9DFC}"
EndProject
Project("{FAE04EC0-301F-11D3-BF4B-00C04F79EFBC}") = "ListForEach", "..\..\..\..\OneDrive\文档\Tencent Files\811342312\FileRecv\第二讲-示例代码 (1)\ch04\ListForEach\ListForEach.csproj", "{F11FA738-9C66-4E02-B8E9-867BF6FA829F}"
EndProject
Project("{FAE04EC0-301F-11D3-BF4B-00C04F79EFBC}") = "Alarm", "..\Alarm\Alarm.csproj", "{7C758A1A-4DE9-44BC-939E-4B557790C5AD}"
EndProject
Global
	GlobalSection(SolutionConfigurationPlatforms) = preSolution
		Debug|Any CPU = Debug|Any CPU
		Release|Any CPU = Release|Any CPU
	EndGlobalSection
	GlobalSection(ProjectConfigurationPlatforms) = postSolution
		{211F47EB-79FE-46CC-ABCB-8763F8BA9DFC}.Debug|Any CPU.ActiveCfg = Debug|Any CPU
		{211F47EB-79FE-46CC-ABCB-8763F8BA9DFC}.Debug|Any CPU.Build.0 = Debug|Any CPU
		{211F47EB-79FE-46CC-ABCB-8763F8BA9DFC}.Release|Any CPU.ActiveCfg = Release|Any CPU
		{211F47EB-79FE-46CC-ABCB-8763F8BA9DFC}.Release|Any CPU.Build.0 = Release|Any CPU
		{F11FA738-9C66-4E02-B8E9-867BF6FA829F}.Debug|Any CPU.ActiveCfg = Debug|Any CPU
		{F11FA738-9C66-4E02-B8E9-867BF6FA829F}.Debug|Any CPU.Build.0 = Debug|Any CPU
		{F11FA738-9C66-4E02-B8E9-867BF6FA829F}.Release|Any CPU.ActiveCfg = Release|Any CPU
		{F11FA738-9C66-4E02-B8E9-867BF6FA829F}.Release|Any CPU.Build.0 = Release|Any CPU
		{7C758A1A-4DE9-44BC-939E-4B557790C5AD}.Debug|Any CPU.ActiveCfg = Debug|Any CPU
		{7C758A1A-4DE9-44BC-939E-4B557790C5AD}.Debug|Any CPU.Build.0 = Debug|Any CPU
		{7C758A1A-4DE9-44BC-939E-4B557790C5AD}.Release|Any CPU.ActiveCfg = Release|Any CPU
		{7C758A1A-4DE9-44BC-939E-4B557790C5AD}.Release|Any CPU.Build.0 = Release|Any CPU
	EndGlobalSection
	GlobalSection(SolutionProperties) = preSolution
		HideSolutionNode = FALSE
	EndGlobalSection
	GlobalSection(ExtensibilityGlobals) = postSolution
		SolutionGuid = {AB74632A-193C-465A-AA06-3519C80FAD8F}
	EndGlobalSection
EndGlobal
